Microsoft Visual Studio Solution File, Format Version 12.00
# Visual Studio Version 17
VisualStudioVersion = 17.5.2.0
MinimumVisualStudioVersion = 10.0.40219.1
Project("{FAE04EC0-301F-11D3-BF4B-00C04F79EFBC}") = "ZTAWebApp", "ZTAWebApp.csproj", "{7A43C278-31E8-6D44-9E82-DB7DB6353CFC}"
EndProject
Global
	GlobalSection(SolutionConfigurationPlatforms) = preSolution
		Debug|Any CPU = Debug|Any CPU
		Release|Any CPU = Release|Any CPU
	EndGlobalSection
	GlobalSection(ProjectConfigurationPlatforms) = postSolution
		{7A43C278-31E8-6D44-9E82-DB7DB6353CFC}.Debug|Any CPU.ActiveCfg = Debug|Any CPU
		{7A43C278-31E8-6D44-9E82-DB7DB6353CFC}.Debug|Any CPU.Build.0 = Debug|Any CPU
		{7A43C278-31E8-6D44-9E82-DB7DB6353CFC}.Release|Any CPU.ActiveCfg = Release|Any CPU
		{7A43C278-31E8-6D44-9E82-DB7DB6353CFC}.Release|Any CPU.Build.0 = Release|Any CPU
	EndGlobalSection
	GlobalSection(SolutionProperties) = preSolution
		HideSolutionNode = FALSE
	EndGlobalSection
	GlobalSection(ExtensibilityGlobals) = postSolution
		SolutionGuid = {8625C93D-F648-4815-A9D9-743C5AC32B3A}
	EndGlobalSection
EndGlobal
